
Microsoft Visual Studio Solution File, Format Version 12.00
# Visual Studio Version 16
VisualStudioVersion = 16.0.29306.81
MinimumVisualStudioVersion = 10.0.40219.1
Project("{FAE04EC0-301F-11D3-BF4B-00C04F79EFBC}") = "Section 1 and 2 Practice", "Section 1 and 2 Practice\Section 1 and 2 Practice.csproj", "{7E8FE8E5-DC7E-4450-9067-A54308A16647}"
EndProject
Global
	GlobalSection(SolutionConfigurationPlatforms) = preSolution
		Debug|Any CPU = Debug|Any CPU
		Release|Any CPU = Release|Any CPU
	EndGlobalSection
	GlobalSection(ProjectConfigurationPlatforms) = postSolution
		{7E8FE8E5-DC7E-4450-9067-A54308A16647}.Debug|Any CPU.ActiveCfg = Debug|Any CPU
		{7E8FE8E5-DC7E-4450-9067-A54308A16647}.Debug|Any CPU.Build.0 = Debug|Any CPU
		{7E8FE8E5-DC7E-4450-9067-A54308A16647}.Release|Any CPU.ActiveCfg = Release|Any CPU
		{7E8FE8E5-DC7E-4450-9067-A54308A16647}.Release|Any CPU.Build.0 = Release|Any CPU
	EndGlobalSection
	GlobalSection(SolutionProperties) = preSolution
		HideSolutionNode = FALSE
	EndGlobalSection
	GlobalSection(ExtensibilityGlobals) = postSolution
		SolutionGuid = {25C3DAD9-9118-437C-88D3-E41BF43E5D65}
	EndGlobalSection
EndGlobal
