
Microsoft Visual Studio Solution File, Format Version 12.00
# Visual Studio Version 16
VisualStudioVersion = 16.0.29306.81
MinimumVisualStudioVersion = 10.0.40219.1
Project("{FAE04EC0-301F-11D3-BF4B-00C04F79EFBC}") = "Practice Nesting", "Practice Nesting\Practice Nesting.csproj", "{E6EB6B85-9D75-4778-983B-AD4A01F9C590}"
EndProject
Global
	GlobalSection(SolutionConfigurationPlatforms) = preSolution
		Debug|Any CPU = Debug|Any CPU
		Release|Any CPU = Release|Any CPU
	EndGlobalSection
	GlobalSection(ProjectConfigurationPlatforms) = postSolution
		{E6EB6B85-9D75-4778-983B-AD4A01F9C590}.Debug|Any CPU.ActiveCfg = Debug|Any CPU
		{E6EB6B85-9D75-4778-983B-AD4A01F9C590}.Debug|Any CPU.Build.0 = Debug|Any CPU
		{E6EB6B85-9D75-4778-983B-AD4A01F9C590}.Release|Any CPU.ActiveCfg = Release|Any CPU
		{E6EB6B85-9D75-4778-983B-AD4A01F9C590}.Release|Any CPU.Build.0 = Release|Any CPU
	EndGlobalSection
	GlobalSection(SolutionProperties) = preSolution
		HideSolutionNode = FALSE
	EndGlobalSection
	GlobalSection(ExtensibilityGlobals) = postSolution
		SolutionGuid = {8A29953F-3CCE-43AE-B265-F24A4E787295}
	EndGlobalSection
EndGlobal
