
Microsoft Visual Studio Solution File, Format Version 12.00
# Visual Studio Version 16
VisualStudioVersion = 16.0.29306.81
MinimumVisualStudioVersion = 10.0.40219.1
Project("{FAE04EC0-301F-11D3-BF4B-00C04F79EFBC}") = "Counts and Headways", "Counts and Headways\Counts and Headways.csproj", "{3CFA94C4-2996-41EB-9B8B-2227AE2E1271}"
EndProject
Global
	GlobalSection(SolutionConfigurationPlatforms) = preSolution
		Debug|Any CPU = Debug|Any CPU
		Release|Any CPU = Release|Any CPU
	EndGlobalSection
	GlobalSection(ProjectConfigurationPlatforms) = postSolution
		{3CFA94C4-2996-41EB-9B8B-2227AE2E1271}.Debug|Any CPU.ActiveCfg = Debug|Any CPU
		{3CFA94C4-2996-41EB-9B8B-2227AE2E1271}.Debug|Any CPU.Build.0 = Debug|Any CPU
		{3CFA94C4-2996-41EB-9B8B-2227AE2E1271}.Release|Any CPU.ActiveCfg = Release|Any CPU
		{3CFA94C4-2996-41EB-9B8B-2227AE2E1271}.Release|Any CPU.Build.0 = Release|Any CPU
	EndGlobalSection
	GlobalSection(SolutionProperties) = preSolution
		HideSolutionNode = FALSE
	EndGlobalSection
	GlobalSection(ExtensibilityGlobals) = postSolution
		SolutionGuid = {82AB68AF-F0A4-45DC-B204-CE35F65AEC8E}
	EndGlobalSection
EndGlobal
