
Microsoft Visual Studio Solution File, Format Version 12.00
# Visual Studio Version 16
VisualStudioVersion = 16.0.29306.81
MinimumVisualStudioVersion = 10.0.40219.1
Project("{FAE04EC0-301F-11D3-BF4B-00C04F79EFBC}") = "PetProject", "PetProject\PetProject.csproj", "{BC5506DE-8215-4B25-9EE4-8016A4EF1827}"
EndProject
Global
	GlobalSection(SolutionConfigurationPlatforms) = preSolution
		Debug|Any CPU = Debug|Any CPU
		Release|Any CPU = Release|Any CPU
	EndGlobalSection
	GlobalSection(ProjectConfigurationPlatforms) = postSolution
		{BC5506DE-8215-4B25-9EE4-8016A4EF1827}.Debug|Any CPU.ActiveCfg = Debug|Any CPU
		{BC5506DE-8215-4B25-9EE4-8016A4EF1827}.Debug|Any CPU.Build.0 = Debug|Any CPU
		{BC5506DE-8215-4B25-9EE4-8016A4EF1827}.Release|Any CPU.ActiveCfg = Release|Any CPU
		{BC5506DE-8215-4B25-9EE4-8016A4EF1827}.Release|Any CPU.Build.0 = Release|Any CPU
	EndGlobalSection
	GlobalSection(SolutionProperties) = preSolution
		HideSolutionNode = FALSE
	EndGlobalSection
	GlobalSection(ExtensibilityGlobals) = postSolution
		SolutionGuid = {B0BEEDDD-8111-4425-AF05-B1F063FC56FC}
	EndGlobalSection
EndGlobal
