
Microsoft Visual Studio Solution File, Format Version 12.00
# Visual Studio Version 16
VisualStudioVersion = 16.0.29306.81
MinimumVisualStudioVersion = 10.0.40219.1
Project("{FAE04EC0-301F-11D3-BF4B-00C04F79EFBC}") = "Practice", "Practice\Practice.csproj", "{AFDD1B37-7EB7-4155-81BE-DD8591DD992C}"
EndProject
Global
	GlobalSection(SolutionConfigurationPlatforms) = preSolution
		Debug|Any CPU = Debug|Any CPU
		Release|Any CPU = Release|Any CPU
	EndGlobalSection
	GlobalSection(ProjectConfigurationPlatforms) = postSolution
		{AFDD1B37-7EB7-4155-81BE-DD8591DD992C}.Debug|Any CPU.ActiveCfg = Debug|Any CPU
		{AFDD1B37-7EB7-4155-81BE-DD8591DD992C}.Debug|Any CPU.Build.0 = Debug|Any CPU
		{AFDD1B37-7EB7-4155-81BE-DD8591DD992C}.Release|Any CPU.ActiveCfg = Release|Any CPU
		{AFDD1B37-7EB7-4155-81BE-DD8591DD992C}.Release|Any CPU.Build.0 = Release|Any CPU
	EndGlobalSection
	GlobalSection(SolutionProperties) = preSolution
		HideSolutionNode = FALSE
	EndGlobalSection
	GlobalSection(ExtensibilityGlobals) = postSolution
		SolutionGuid = {A6DC25C7-B80A-471C-8A64-DEB2C7DC8C42}
	EndGlobalSection
EndGlobal
